// !$*UTF8*$!
{
	archiveVersion = 1;
	classes = {
	};
	objectVersion = 50;
	objects = {

/* Begin PBXBuildFile section */
		CA7A8B4224AFB53400785DD6 /* PDFPageView.swift in Sources */ = {isa = PBXBuildFile; fileRef = CA7A8B4124AFB53400785DD6 /* PDFPageView.swift */; };
		CA7A8B4324AFB53400785DD6 /* PDFPageView.swift in Sources */ = {isa = PBXBuildFile; fileRef = CA7A8B4124AFB53400785DD6 /* PDFPageView.swift */; };
		CA7A8B4524AFB6D500785DD6 /* PDFCollectionView.swift in Sources */ = {isa = PBXBuildFile; fileRef = CA7A8B4424AFB6D500785DD6 /* PDFCollectionView.swift */; };
		CA7A8B4624AFB6D500785DD6 /* PDFCollectionView.swift in Sources */ = {isa = PBXBuildFile; fileRef = CA7A8B4424AFB6D500785DD6 /* PDFCollectionView.swift */; };
		CAB449C224AFA50B0036A202 /* PDFInspectorApp.swift in Sources */ = {isa = PBXBuildFile; fileRef = CAB449AE24AFA5090036A202 /* PDFInspectorApp.swift */; };
		CAB449C324AFA50B0036A202 /* PDFInspectorApp.swift in Sources */ = {isa = PBXBuildFile; fileRef = CAB449AE24AFA5090036A202 /* PDFInspectorApp.swift */; };
		CAB449C424AFA50B0036A202 /* PDFInspectorDocument.swift in Sources */ = {isa = PBXBuildFile; fileRef = CAB449AF24AFA5090036A202 /* PDFInspectorDocument.swift */; };
		CAB449C524AFA50B0036A202 /* PDFInspectorDocument.swift in Sources */ = {isa = PBXBuildFile; fileRef = CAB449AF24AFA5090036A202 /* PDFInspectorDocument.swift */; };
		CAB449C624AFA50B0036A202 /* PDFDocumentView.swift in Sources */ = {isa = PBXBuildFile; fileRef = CAB449B024AFA5090036A202 /* PDFDocumentView.swift */; };
		CAB449C724AFA50B0036A202 /* PDFDocumentView.swift in Sources */ = {isa = PBXBuildFile; fileRef = CAB449B024AFA5090036A202 /* PDFDocumentView.swift */; };
		CAB449C824AFA50B0036A202 /* Assets.xcassets in Resources */ = {isa = PBXBuildFile; fileRef = CAB449B124AFA50B0036A202 /* Assets.xcassets */; };
		CAB449C924AFA50B0036A202 /* Assets.xcassets in Resources */ = {isa = PBXBuildFile; fileRef = CAB449B124AFA50B0036A202 /* Assets.xcassets */; };
		CAB449F224AFAC4E0036A202 /* Flyer.pdf in Resources */ = {isa = PBXBuildFile; fileRef = CAB449F124AFAC4E0036A202 /* Flyer.pdf */; };
		CAB449F324AFAC4E0036A202 /* Flyer.pdf in Resources */ = {isa = PBXBuildFile; fileRef = CAB449F124AFAC4E0036A202 /* Flyer.pdf */; };
/* End PBXBuildFile section */

/* Begin PBXFileReference section */
		CA7A8B4124AFB53400785DD6 /* PDFPageView.swift */ = {isa = PBXFileReference; lastKnownFileType = sourcecode.swift; path = PDFPageView.swift; sourceTree = "<group>"; };
		CA7A8B4424AFB6D500785DD6 /* PDFCollectionView.swift */ = {isa = PBXFileReference; lastKnownFileType = sourcecode.swift; path = PDFCollectionView.swift; sourceTree = "<group>"; tabWidth = 3; };
		CAB449AE24AFA5090036A202 /* PDFInspectorApp.swift */ = {isa = PBXFileReference; lastKnownFileType = sourcecode.swift; path = PDFInspectorApp.swift; sourceTree = "<group>"; };
		CAB449AF24AFA5090036A202 /* PDFInspectorDocument.swift */ = {isa = PBXFileReference; lastKnownFileType = sourcecode.swift; path = PDFInspectorDocument.swift; sourceTree = "<group>"; };
		CAB449B024AFA5090036A202 /* PDFDocumentView.swift */ = {isa = PBXFileReference; lastKnownFileType = sourcecode.swift; path = PDFDocumentView.swift; sourceTree = "<group>"; };
		CAB449B124AFA50B0036A202 /* Assets.xcassets */ = {isa = PBXFileReference; lastKnownFileType = folder.assetcatalog; path = Assets.xcassets; sourceTree = "<group>"; };
		CAB449B624AFA50B0036A202 /* PDFInspector.app */ = {isa = PBXFileReference; explicitFileType = wrapper.application; includeInIndex = 0; path = PDFInspector.app; sourceTree = BUILT_PRODUCTS_DIR; };
		CAB449B924AFA50B0036A202 /* Info.plist */ = {isa = PBXFileReference; lastKnownFileType = text.plist.xml; path = Info.plist; sourceTree = "<group>"; };
		CAB449BE24AFA50B0036A202 /* PDFInspector.app */ = {isa = PBXFileReference; explicitFileType = wrapper.application; includeInIndex = 0; path = PDFInspector.app; sourceTree = BUILT_PRODUCTS_DIR; };
		CAB449C024AFA50B0036A202 /* Info.plist */ = {isa = PBXFileReference; lastKnownFileType = text.plist.xml; path = Info.plist; sourceTree = "<group>"; };
		CAB449C124AFA50B0036A202 /* macOS.entitlements */ = {isa = PBXFileReference; lastKnownFileType = text.plist.entitlements; path = macOS.entitlements; sourceTree = "<group>"; };
		CAB449F124AFAC4E0036A202 /* Flyer.pdf */ = {isa = PBXFileReference; lastKnownFileType = image.pdf; path = Flyer.pdf; sourceTree = "<group>"; };
/* End PBXFileReference section */

/* Begin PBXFrameworksBuildPhase section */
		CAB449B324AFA50B0036A202 /* Frameworks */ = {
			isa = PBXFrameworksBuildPhase;
			buildActionMask = 2147483647;
			files = (
			);
			runOnlyForDeploymentPostprocessing = 0;
		};
		CAB449BB24AFA50B0036A202 /* Frameworks */ = {
			isa = PBXFrameworksBuildPhase;
			buildActionMask = 2147483647;
			files = (
			);
			runOnlyForDeploymentPostprocessing = 0;
		};
/* End PBXFrameworksBuildPhase section */

/* Begin PBXGroup section */
		CAB449A824AFA5080036A202 = {
			isa = PBXGroup;
			children = (
				CAB449AD24AFA5090036A202 /* Shared */,
				CAB449B824AFA50B0036A202 /* iOS */,
				CAB449BF24AFA50B0036A202 /* macOS */,
				CAB449D524AFABB00036A202 /* Preview Assets */,
				CAB449B724AFA50B0036A202 /* Products */,
			);
			sourceTree = "<group>";
		};
		CAB449AD24AFA5090036A202 /* Shared */ = {
			isa = PBXGroup;
			children = (
				CAB449B124AFA50B0036A202 /* Assets.xcassets */,
				CA7A8B4424AFB6D500785DD6 /* PDFCollectionView.swift */,
				CAB449B024AFA5090036A202 /* PDFDocumentView.swift */,
				CAB449AE24AFA5090036A202 /* PDFInspectorApp.swift */,
				CAB449AF24AFA5090036A202 /* PDFInspectorDocument.swift */,
				CA7A8B4124AFB53400785DD6 /* PDFPageView.swift */,
			);
			path = Shared;
			sourceTree = "<group>";
		};
		CAB449B724AFA50B0036A202 /* Products */ = {
			isa = PBXGroup;
			children = (
				CAB449B624AFA50B0036A202 /* PDFInspector.app */,
				CAB449BE24AFA50B0036A202 /* PDFInspector.app */,
			);
			name = Products;
			sourceTree = "<group>";
		};
		CAB449B824AFA50B0036A202 /* iOS */ = {
			isa = PBXGroup;
			children = (
				CAB449B924AFA50B0036A202 /* Info.plist */,
			);
			path = iOS;
			sourceTree = "<group>";
		};
		CAB449BF24AFA50B0036A202 /* macOS */ = {
			isa = PBXGroup;
			children = (
				CAB449C024AFA50B0036A202 /* Info.plist */,
				CAB449C124AFA50B0036A202 /* macOS.entitlements */,
			);
			path = macOS;
			sourceTree = "<group>";
		};
		CAB449D524AFABB00036A202 /* Preview Assets */ = {
			isa = PBXGroup;
			children = (
				CAB449F124AFAC4E0036A202 /* Flyer.pdf */,
			);
			path = "Preview Assets";
			sourceTree = "<group>";
		};
/* End PBXGroup section */

/* Begin PBXNativeTarget section */
		CAB449B524AFA50B0036A202 /* iOS */ = {
			isa = PBXNativeTarget;
			buildConfigurationList = CAB449CC24AFA50B0036A202 /* Build configuration list for PBXNativeTarget "iOS" */;
			buildPhases = (
				CAB449B224AFA50B0036A202 /* Sources */,
				CAB449B324AFA50B0036A202 /* Frameworks */,
				CAB449B424AFA50B0036A202 /* Resources */,
			);
			buildRules = (
			);
			dependencies = (
			);
			name = iOS;
			productName = iOS;
			productReference = CAB449B624AFA50B0036A202 /* PDFInspector.app */;
			productType = "com.apple.product-type.application";
		};
		CAB449BD24AFA50B0036A202 /* macOS */ = {
			isa = PBXNativeTarget;
			buildConfigurationList = CAB449CF24AFA50B0036A202 /* Build configuration list for PBXNativeTarget "macOS" */;
			buildPhases = (
				CAB449BA24AFA50B0036A202 /* Sources */,
				CAB449BB24AFA50B0036A202 /* Frameworks */,
				CAB449BC24AFA50B0036A202 /* Resources */,
			);
			buildRules = (
			);
			dependencies = (
			);
			name = macOS;
			productName = macOS;
			productReference = CAB449BE24AFA50B0036A202 /* PDFInspector.app */;
			productType = "com.apple.product-type.application";
		};
/* End PBXNativeTarget section */

/* Begin PBXProject section */
		CAB449A924AFA5080036A202 /* Project object */ = {
			isa = PBXProject;
			attributes = {
				LastSwiftUpdateCheck = 1200;
				LastUpgradeCheck = 1200;
				TargetAttributes = {
					CAB449B524AFA50B0036A202 = {
						CreatedOnToolsVersion = 12.0;
					};
					CAB449BD24AFA50B0036A202 = {
						CreatedOnToolsVersion = 12.0;
					};
				};
			};
			buildConfigurationList = CAB449AC24AFA5080036A202 /* Build configuration list for PBXProject "PDFInspector" */;
			compatibilityVersion = "Xcode 9.3";
			developmentRegion = en;
			hasScannedForEncodings = 0;
			knownRegions = (
				en,
				Base,
			);
			mainGroup = CAB449A824AFA5080036A202;
			productRefGroup = CAB449B724AFA50B0036A202 /* Products */;
			projectDirPath = "";
			projectRoot = "";
			targets = (
				CAB449B524AFA50B0036A202 /* iOS */,
				CAB449BD24AFA50B0036A202 /* macOS */,
			);
		};
/* End PBXProject section */

/* Begin PBXResourcesBuildPhase section */
		CAB449B424AFA50B0036A202 /* Resources */ = {
			isa = PBXResourcesBuildPhase;
			buildActionMask = 2147483647;
			files = (
				CAB449C824AFA50B0036A202 /* Assets.xcassets in Resources */,
				CAB449F224AFAC4E0036A202 /* Flyer.pdf in Resources */,
			);
			runOnlyForDeploymentPostprocessing = 0;
		};
		CAB449BC24AFA50B0036A202 /* Resources */ = {
			isa = PBXResourcesBuildPhase;
			buildActionMask = 2147483647;
			files = (
				CAB449C924AFA50B0036A202 /* Assets.xcassets in Resources */,
				CAB449F324AFAC4E0036A202 /* Flyer.pdf in Resources */,
			);
			runOnlyForDeploymentPostprocessing = 0;
		};
/* End PBXResourcesBuildPhase section */

/* Begin PBXSourcesBuildPhase section */
		CAB449B224AFA50B0036A202 /* Sources */ = {
			isa = PBXSourcesBuildPhase;
			buildActionMask = 2147483647;
			files = (
				CA7A8B4524AFB6D500785DD6 /* PDFCollectionView.swift in Sources */,
				CAB449C224AFA50B0036A202 /* PDFInspectorApp.swift in Sources */,
				CAB449C424AFA50B0036A202 /* PDFInspectorDocument.swift in Sources */,
				CA7A8B4224AFB53400785DD6 /* PDFPageView.swift in Sources */,
				CAB449C624AFA50B0036A202 /* PDFDocumentView.swift in Sources */,
			);
			runOnlyForDeploymentPostprocessing = 0;
		};
		CAB449BA24AFA50B0036A202 /* Sources */ = {
			isa = PBXSourcesBuildPhase;
			buildActionMask = 2147483647;
			files = (
				CA7A8B4624AFB6D500785DD6 /* PDFCollectionView.swift in Sources */,
				CAB449C324AFA50B0036A202 /* PDFInspectorApp.swift in Sources */,
				CAB449C524AFA50B0036A202 /* PDFInspectorDocument.swift in Sources */,
				CA7A8B4324AFB53400785DD6 /* PDFPageView.swift in Sources */,
				CAB449C724AFA50B0036A202 /* PDFDocumentView.swift in Sources */,
			);
			runOnlyForDeploymentPostprocessing = 0;
		};
/* End PBXSourcesBuildPhase section */

/* Begin XCBuildConfiguration section */
		CAB449CA24AFA50B0036A202 /* Debug */ = {
			isa = XCBuildConfiguration;
			buildSettings = {
				ALWAYS_SEARCH_USER_PATHS = NO;
				CLANG_ANALYZER_NONNULL = YES;
				CLANG_ANALYZER_NUMBER_OBJECT_CONVERSION = YES_AGGRESSIVE;
				CLANG_CXX_LANGUAGE_STANDARD = "gnu++14";
				CLANG_CXX_LIBRARY = "libc++";
				CLANG_ENABLE_MODULES = YES;
				CLANG_ENABLE_OBJC_ARC = YES;
				CLANG_ENABLE_OBJC_WEAK = YES;
				CLANG_WARN_BLOCK_CAPTURE_AUTORELEASING = YES;
				CLANG_WARN_BOOL_CONVERSION = YES;
				CLANG_WARN_COMMA = YES;
				CLANG_WARN_CONSTANT_CONVERSION = YES;
				CLANG_WARN_DEPRECATED_OBJC_IMPLEMENTATIONS = YES;
				CLANG_WARN_DIRECT_OBJC_ISA_USAGE = YES_ERROR;
				CLANG_WARN_DOCUMENTATION_COMMENTS = YES;
				CLANG_WARN_EMPTY_BODY = YES;
				CLANG_WARN_ENUM_CONVERSION = YES;
				CLANG_WARN_INFINITE_RECURSION = YES;
				CLANG_WARN_INT_CONVERSION = YES;
				CLANG_WARN_NON_LITERAL_NULL_CONVERSION = YES;
				CLANG_WARN_OBJC_IMPLICIT_RETAIN_SELF = YES;
				CLANG_WARN_OBJC_LITERAL_CONVERSION = YES;
				CLANG_WARN_OBJC_ROOT_CLASS = YES_ERROR;
				CLANG_WARN_QUOTED_INCLUDE_IN_FRAMEWORK_HEADER = YES;
				CLANG_WARN_RANGE_LOOP_ANALYSIS = YES;
				CLANG_WARN_STRICT_PROTOTYPES = YES;
				CLANG_WARN_SUSPICIOUS_MOVE = YES;
				CLANG_WARN_UNGUARDED_AVAILABILITY = YES_AGGRESSIVE;
				CLANG_WARN_UNREACHABLE_CODE = YES;
				CLANG_WARN__DUPLICATE_METHOD_MATCH = YES;
				COPY_PHASE_STRIP = NO;
				DEBUG_INFORMATION_FORMAT = dwarf;
				ENABLE_STRICT_OBJC_MSGSEND = YES;
				ENABLE_TESTABILITY = YES;
				GCC_C_LANGUAGE_STANDARD = gnu11;
				GCC_DYNAMIC_NO_PIC = NO;
				GCC_NO_COMMON_BLOCKS = YES;
				GCC_OPTIMIZATION_LEVEL = 0;
				GCC_PREPROCESSOR_DEFINITIONS = (
					"DEBUG=1",
					"$(inherited)",
				);
				GCC_WARN_64_TO_32_BIT_CONVERSION = YES;
				GCC_WARN_ABOUT_RETURN_TYPE = YES_ERROR;
				GCC_WARN_UNDECLARED_SELECTOR = YES;
				GCC_WARN_UNINITIALIZED_AUTOS = YES_AGGRESSIVE;
				GCC_WARN_UNUSED_FUNCTION = YES;
				GCC_WARN_UNUSED_VARIABLE = YES;
				MTL_ENABLE_DEBUG_INFO = INCLUDE_SOURCE;
				MTL_FAST_MATH = YES;
				ONLY_ACTIVE_ARCH = YES;
				SWIFT_ACTIVE_COMPILATION_CONDITIONS = DEBUG;
				SWIFT_OPTIMIZATION_LEVEL = "-Onone";
			};
			name = Debug;
		};
		CAB449CB24AFA50B0036A202 /* Release */ = {
			isa = XCBuildConfiguration;
			buildSettings = {
				ALWAYS_SEARCH_USER_PATHS = NO;
				CLANG_ANALYZER_NONNULL = YES;
				CLANG_ANALYZER_NUMBER_OBJECT_CONVERSION = YES_AGGRESSIVE;
				CLANG_CXX_LANGUAGE_STANDARD = "gnu++14";
				CLANG_CXX_LIBRARY = "libc++";
				CLANG_ENABLE_MODULES = YES;
				CLANG_ENABLE_OBJC_ARC = YES;
				CLANG_ENABLE_OBJC_WEAK = YES;
				CLANG_WARN_BLOCK_CAPTURE_AUTORELEASING = YES;
				CLANG_WARN_BOOL_CONVERSION = YES;
				CLANG_WARN_COMMA = YES;
				CLANG_WARN_CONSTANT_CONVERSION = YES;
				CLANG_WARN_DEPRECATED_OBJC_IMPLEMENTATIONS = YES;
				CLANG_WARN_DIRECT_OBJC_ISA_USAGE = YES_ERROR;
				CLANG_WARN_DOCUMENTATION_COMMENTS = YES;
				CLANG_WARN_EMPTY_BODY = YES;
				CLANG_WARN_ENUM_CONVERSION = YES;
				CLANG_WARN_INFINITE_RECURSION = YES;
				CLANG_WARN_INT_CONVERSION = YES;
				CLANG_WARN_NON_LITERAL_NULL_CONVERSION = YES;
				CLANG_WARN_OBJC_IMPLICIT_RETAIN_SELF = YES;
				CLANG_WARN_OBJC_LITERAL_CONVERSION = YES;
				CLANG_WARN_OBJC_ROOT_CLASS = YES_ERROR;
				CLANG_WARN_QUOTED_INCLUDE_IN_FRAMEWORK_HEADER = YES;
				CLANG_WARN_RANGE_LOOP_ANALYSIS = YES;
				CLANG_WARN_STRICT_PROTOTYPES = YES;
				CLANG_WARN_SUSPICIOUS_MOVE = YES;
				CLANG_WARN_UNGUARDED_AVAILABILITY = YES_AGGRESSIVE;
				CLANG_WARN_UNREACHABLE_CODE = YES;
				CLANG_WARN__DUPLICATE_METHOD_MATCH = YES;
				COPY_PHASE_STRIP = NO;
				DEBUG_INFORMATION_FORMAT = "dwarf-with-dsym";
				ENABLE_NS_ASSERTIONS = NO;
				ENABLE_STRICT_OBJC_MSGSEND = YES;
				GCC_C_LANGUAGE_STANDARD = gnu11;
				GCC_NO_COMMON_BLOCKS = YES;
				GCC_WARN_64_TO_32_BIT_CONVERSION = YES;
				GCC_WARN_ABOUT_RETURN_TYPE = YES_ERROR;
				GCC_WARN_UNDECLARED_SELECTOR = YES;
				GCC_WARN_UNINITIALIZED_AUTOS = YES_AGGRESSIVE;
				GCC_WARN_UNUSED_FUNCTION = YES;
				GCC_WARN_UNUSED_VARIABLE = YES;
				MTL_ENABLE_DEBUG_INFO = NO;
				MTL_FAST_MATH = YES;
				SWIFT_COMPILATION_MODE = wholemodule;
				SWIFT_OPTIMIZATION_LEVEL = "-O";
			};
			name = Release;
		};
		CAB449CD24AFA50B0036A202 /* Debug */ = {
			isa = XCBuildConfiguration;
			buildSettings = {
				ASSETCATALOG_COMPILER_APPICON_NAME = AppIcon;
				ASSETCATALOG_COMPILER_GLOBAL_ACCENT_COLOR_NAME = AccentColor;
				CODE_SIGN_STYLE = Automatic;
				DEVELOPMENT_ASSET_PATHS = "Preview\\ Assets";
				DEVELOPMENT_TEAM = CWWS67CQ58;
				ENABLE_PREVIEWS = YES;
				INFOPLIST_FILE = iOS/Info.plist;
				IPHONEOS_DEPLOYMENT_TARGET = 14.0;
				LD_RUNPATH_SEARCH_PATHS = (
					"$(inherited)",
					"@executable_path/Frameworks",
				);
				PRODUCT_BUNDLE_IDENTIFIER = com.planetreesoftware.PDFInspector;
				PRODUCT_NAME = PDFInspector;
				SDKROOT = iphoneos;
				SWIFT_VERSION = 5.0;
				TARGETED_DEVICE_FAMILY = "1,2";
			};
			name = Debug;
		};
		CAB449CE24AFA50B0036A202 /* Release */ = {
			isa = XCBuildConfiguration;
			buildSettings = {
				ASSETCATALOG_COMPILER_APPICON_NAME = AppIcon;
				ASSETCATALOG_COMPILER_GLOBAL_ACCENT_COLOR_NAME = AccentColor;
				CODE_SIGN_STYLE = Automatic;
				DEVELOPMENT_ASSET_PATHS = "Preview\\ Assets";
				DEVELOPMENT_TEAM = CWWS67CQ58;
				ENABLE_PREVIEWS = YES;
				INFOPLIST_FILE = iOS/Info.plist;
				IPHONEOS_DEPLOYMENT_TARGET = 14.0;
				LD_RUNPATH_SEARCH_PATHS = (
					"$(inherited)",
					"@executable_path/Frameworks",
				);
				PRODUCT_BUNDLE_IDENTIFIER = com.planetreesoftware.PDFInspector;
				PRODUCT_NAME = PDFInspector;
				SDKROOT = iphoneos;
				SWIFT_VERSION = 5.0;
				TARGETED_DEVICE_FAMILY = "1,2";
				VALIDATE_PRODUCT = YES;
			};
			name = Release;
		};
		CAB449D024AFA50B0036A202 /* Debug */ = {
			isa = XCBuildConfiguration;
			buildSettings = {
				ASSETCATALOG_COMPILER_APPICON_NAME = AppIcon;
				ASSETCATALOG_COMPILER_GLOBAL_ACCENT_COLOR_NAME = AccentColor;
				CODE_SIGN_ENTITLEMENTS = macOS/macOS.entitlements;
				CODE_SIGN_STYLE = Automatic;
				COMBINE_HIDPI_IMAGES = YES;
				DEVELOPMENT_TEAM = CWWS67CQ58;
				ENABLE_HARDENED_RUNTIME = YES;
				ENABLE_PREVIEWS = YES;
				INFOPLIST_FILE = macOS/Info.plist;
				LD_RUNPATH_SEARCH_PATHS = (
					"$(inherited)",
					"@executable_path/../Frameworks",
				);
				MACOSX_DEPLOYMENT_TARGET = 10.16;
				PRODUCT_BUNDLE_IDENTIFIER = com.planetreesoftware.PDFInspector;
				PRODUCT_NAME = PDFInspector;
				SDKROOT = macosx;
				SWIFT_VERSION = 5.0;
			};
			name = Debug;
		};
		CAB449D124AFA50B0036A202 /* Release */ = {
			isa = XCBuildConfiguration;
			buildSettings = {
				ASSETCATALOG_COMPILER_APPICON_NAME = AppIcon;
				ASSETCATALOG_COMPILER_GLOBAL_ACCENT_COLOR_NAME = AccentColor;
				CODE_SIGN_ENTITLEMENTS = macOS/macOS.entitlements;
				CODE_SIGN_STYLE = Automatic;
				COMBINE_HIDPI_IMAGES = YES;
				DEVELOPMENT_TEAM = CWWS67CQ58;
				ENABLE_HARDENED_RUNTIME = YES;
				ENABLE_PREVIEWS = YES;
				INFOPLIST_FILE = macOS/Info.plist;
				LD_RUNPATH_SEARCH_PATHS = (
					"$(inherited)",
					"@executable_path/../Frameworks",
				);
				MACOSX_DEPLOYMENT_TARGET = 10.16;
				PRODUCT_BUNDLE_IDENTIFIER = com.planetreesoftware.PDFInspector;
				PRODUCT_NAME = PDFInspector;
				SDKROOT = macosx;
				SWIFT_VERSION = 5.0;
			};
			name = Release;
		};
/* End XCBuildConfiguration section */

/* Begin XCConfigurationList section */
		CAB449AC24AFA5080036A202 /* Build configuration list for PBXProject "PDFInspector" */ = {
			isa = XCConfigurationList;
			buildConfigurations = (
				CAB449CA24AFA50B0036A202 /* Debug */,
				CAB449CB24AFA50B0036A202 /* Release */,
			);
			defaultConfigurationIsVisible = 0;
			defaultConfigurationName = Release;
		};
		CAB449CC24AFA50B0036A202 /* Build configuration list for PBXNativeTarget "iOS" */ = {
			isa = XCConfigurationList;
			buildConfigurations = (
				CAB449CD24AFA50B0036A202 /* Debug */,
				CAB449CE24AFA50B0036A202 /* Release */,
			);
			defaultConfigurationIsVisible = 0;
			defaultConfigurationName = Release;
		};
		CAB449CF24AFA50B0036A202 /* Build configuration list for PBXNativeTarget "macOS" */ = {
			isa = XCConfigurationList;
			buildConfigurations = (
				CAB449D024AFA50B0036A202 /* Debug */,
				CAB449D124AFA50B0036A202 /* Release */,
			);
			defaultConfigurationIsVisible = 0;
			defaultConfigurationName = Release;
		};
/* End XCConfigurationList section */
	};
	rootObject = CAB449A924AFA5080036A202 /* Project object */;
}
